
Microsoft Visual Studio Solution File, Format Version 12.00
# Visual Studio Version 17
VisualStudioVersion = 17.1.32407.343
MinimumVisualStudioVersion = 10.0.40219.1
Project("{8BC9CEB8-8B4A-11D0-8D11-00A0C91BC942}") = "Простанство имен", "Простанство имен\Простанство имен.vcxproj", "{89415948-3852-49F0-819D-DA46CF35619A}"
EndProject
Global
	GlobalSection(SolutionConfigurationPlatforms) = preSolution
		Debug|x64 = Debug|x64
		Debug|x86 = Debug|x86
		Release|x64 = Release|x64
		Release|x86 = Release|x86
	EndGlobalSection
	GlobalSection(ProjectConfigurationPlatforms) = postSolution
		{89415948-3852-49F0-819D-DA46CF35619A}.Debug|x64.ActiveCfg = Debug|x64
		{89415948-3852-49F0-819D-DA46CF35619A}.Debug|x64.Build.0 = Debug|x64
		{89415948-3852-49F0-819D-DA46CF35619A}.Debug|x86.ActiveCfg = Debug|Win32
		{89415948-3852-49F0-819D-DA46CF35619A}.Debug|x86.Build.0 = Debug|Win32
		{89415948-3852-49F0-819D-DA46CF35619A}.Release|x64.ActiveCfg = Release|x64
		{89415948-3852-49F0-819D-DA46CF35619A}.Release|x64.Build.0 = Release|x64
		{89415948-3852-49F0-819D-DA46CF35619A}.Release|x86.ActiveCfg = Release|Win32
		{89415948-3852-49F0-819D-DA46CF35619A}.Release|x86.Build.0 = Release|Win32
	EndGlobalSection
	GlobalSection(SolutionProperties) = preSolution
		HideSolutionNode = FALSE
	EndGlobalSection
	GlobalSection(ExtensibilityGlobals) = postSolution
		SolutionGuid = {53340D7E-C55E-4C86-8354-78940E469BFC}
	EndGlobalSection
EndGlobal
